
Microsoft Visual Studio Solution File, Format Version 12.00
# Visual Studio 15
VisualStudioVersion = 15.0.26430.15
MinimumVisualStudioVersion = 10.0.40219.1
Project("{FAE04EC0-301F-11D3-BF4B-00C04F79EFBC}") = "SHOP_NETCORE", "SHOP_NETCORE\SHOP_NETCORE.csproj", "{79AA5B3D-4C50-45B0-B17F-DBC0D969EF2B}"
EndProject
Project("{FAE04EC0-301F-11D3-BF4B-00C04F79EFBC}") = "SERVICES", "SERVICES\SERVICES.csproj", "{65D46AFE-D833-4BD6-A3A2-97BF41877C98}"
EndProject
Project("{FAE04EC0-301F-11D3-BF4B-00C04F79EFBC}") = "BUSINESS_OBJECTS", "BUSINESS_OBJECTS\BUSINESS_OBJECTS.csproj", "{0E4636F6-CC80-4216-817A-29A75054F43A}"
EndProject
Project("{FAE04EC0-301F-11D3-BF4B-00C04F79EFBC}") = "COMMONS", "COMMONS\COMMONS.csproj", "{C53687DF-2E56-4666-94B3-3B50EDB0FA1D}"
EndProject
Project("{FAE04EC0-301F-11D3-BF4B-00C04F79EFBC}") = "DATA_ACCESS", "DATA_ACCESS\DATA_ACCESS.csproj", "{770E02DB-E12E-4889-BE0B-E300D61B4327}"
EndProject
Global
	GlobalSection(SolutionConfigurationPlatforms) = preSolution
		Debug|Any CPU = Debug|Any CPU
		Release|Any CPU = Release|Any CPU
	EndGlobalSection
	GlobalSection(ProjectConfigurationPlatforms) = postSolution
		{79AA5B3D-4C50-45B0-B17F-DBC0D969EF2B}.Debug|Any CPU.ActiveCfg = Debug|Any CPU
		{79AA5B3D-4C50-45B0-B17F-DBC0D969EF2B}.Debug|Any CPU.Build.0 = Debug|Any CPU
		{79AA5B3D-4C50-45B0-B17F-DBC0D969EF2B}.Release|Any CPU.ActiveCfg = Release|Any CPU
		{79AA5B3D-4C50-45B0-B17F-DBC0D969EF2B}.Release|Any CPU.Build.0 = Release|Any CPU
		{65D46AFE-D833-4BD6-A3A2-97BF41877C98}.Debug|Any CPU.ActiveCfg = Debug|Any CPU
		{65D46AFE-D833-4BD6-A3A2-97BF41877C98}.Debug|Any CPU.Build.0 = Debug|Any CPU
		{65D46AFE-D833-4BD6-A3A2-97BF41877C98}.Release|Any CPU.ActiveCfg = Release|Any CPU
		{65D46AFE-D833-4BD6-A3A2-97BF41877C98}.Release|Any CPU.Build.0 = Release|Any CPU
		{0E4636F6-CC80-4216-817A-29A75054F43A}.Debug|Any CPU.ActiveCfg = Debug|Any CPU
		{0E4636F6-CC80-4216-817A-29A75054F43A}.Debug|Any CPU.Build.0 = Debug|Any CPU
		{0E4636F6-CC80-4216-817A-29A75054F43A}.Release|Any CPU.ActiveCfg = Release|Any CPU
		{0E4636F6-CC80-4216-817A-29A75054F43A}.Release|Any CPU.Build.0 = Release|Any CPU
		{C53687DF-2E56-4666-94B3-3B50EDB0FA1D}.Debug|Any CPU.ActiveCfg = Debug|Any CPU
		{C53687DF-2E56-4666-94B3-3B50EDB0FA1D}.Debug|Any CPU.Build.0 = Debug|Any CPU
		{C53687DF-2E56-4666-94B3-3B50EDB0FA1D}.Release|Any CPU.ActiveCfg = Release|Any CPU
		{C53687DF-2E56-4666-94B3-3B50EDB0FA1D}.Release|Any CPU.Build.0 = Release|Any CPU
		{770E02DB-E12E-4889-BE0B-E300D61B4327}.Debug|Any CPU.ActiveCfg = Debug|Any CPU
		{770E02DB-E12E-4889-BE0B-E300D61B4327}.Debug|Any CPU.Build.0 = Debug|Any CPU
		{770E02DB-E12E-4889-BE0B-E300D61B4327}.Release|Any CPU.ActiveCfg = Release|Any CPU
		{770E02DB-E12E-4889-BE0B-E300D61B4327}.Release|Any CPU.Build.0 = Release|Any CPU
	EndGlobalSection
	GlobalSection(SolutionProperties) = preSolution
		HideSolutionNode = FALSE
	EndGlobalSection
EndGlobal
